
Microsoft Visual Studio Solution File, Format Version 12.00
# Visual Studio Version 17
VisualStudioVersion = 17.3.32922.545
MinimumVisualStudioVersion = 10.0.40219.1
Project("{FAE04EC0-301F-11D3-BF4B-00C04F79EFBC}") = "Neamt_Roxana_Lab2", "Neamt_Roxana_Lab2.csproj", "{6FA8BA96-8C36-47AD-A247-CF7E20A7C55D}"
EndProject
Global
	GlobalSection(SolutionConfigurationPlatforms) = preSolution
		Debug|Any CPU = Debug|Any CPU
		Release|Any CPU = Release|Any CPU
	EndGlobalSection
	GlobalSection(ProjectConfigurationPlatforms) = postSolution
		{6FA8BA96-8C36-47AD-A247-CF7E20A7C55D}.Debug|Any CPU.ActiveCfg = Debug|Any CPU
		{6FA8BA96-8C36-47AD-A247-CF7E20A7C55D}.Debug|Any CPU.Build.0 = Debug|Any CPU
		{6FA8BA96-8C36-47AD-A247-CF7E20A7C55D}.Release|Any CPU.ActiveCfg = Release|Any CPU
		{6FA8BA96-8C36-47AD-A247-CF7E20A7C55D}.Release|Any CPU.Build.0 = Release|Any CPU
	EndGlobalSection
	GlobalSection(SolutionProperties) = preSolution
		HideSolutionNode = FALSE
	EndGlobalSection
	GlobalSection(ExtensibilityGlobals) = postSolution
		SolutionGuid = {F80D21E9-C329-4F2D-9CC6-4B1236BED915}
	EndGlobalSection
EndGlobal
